
Microsoft Visual Studio Solution File, Format Version 12.00
# Visual Studio Version 17
VisualStudioVersion = 17.9.34723.18
MinimumVisualStudioVersion = 10.0.40219.1
Project("{FAE04EC0-301F-11D3-BF4B-00C04F79EFBC}") = "ATivGit", "ATivGit\ATivGit.csproj", "{C8549943-7D3E-45D8-825A-F9CAE85EFAE8}"
EndProject
Global
	GlobalSection(SolutionConfigurationPlatforms) = preSolution
		Debug|Any CPU = Debug|Any CPU
		Release|Any CPU = Release|Any CPU
	EndGlobalSection
	GlobalSection(ProjectConfigurationPlatforms) = postSolution
		{C8549943-7D3E-45D8-825A-F9CAE85EFAE8}.Debug|Any CPU.ActiveCfg = Debug|Any CPU
		{C8549943-7D3E-45D8-825A-F9CAE85EFAE8}.Debug|Any CPU.Build.0 = Debug|Any CPU
		{C8549943-7D3E-45D8-825A-F9CAE85EFAE8}.Release|Any CPU.ActiveCfg = Release|Any CPU
		{C8549943-7D3E-45D8-825A-F9CAE85EFAE8}.Release|Any CPU.Build.0 = Release|Any CPU
	EndGlobalSection
	GlobalSection(SolutionProperties) = preSolution
		HideSolutionNode = FALSE
	EndGlobalSection
	GlobalSection(ExtensibilityGlobals) = postSolution
		SolutionGuid = {227B4245-06FF-4900-8918-4AB8A4900076}
	EndGlobalSection
EndGlobal
